
Microsoft Visual Studio Solution File, Format Version 12.00
# Visual Studio Version 17
VisualStudioVersion = 17.6.33815.320
MinimumVisualStudioVersion = 10.0.40219.1
Project("{FAE04EC0-301F-11D3-BF4B-00C04F79EFBC}") = "DesktopPR", "DesktopPR\DesktopPR.csproj", "{A8A27274-3E41-4034-A3B9-D919180367BE}"
EndProject
Global
	GlobalSection(SolutionConfigurationPlatforms) = preSolution
		Debug|Any CPU = Debug|Any CPU
		Release|Any CPU = Release|Any CPU
	EndGlobalSection
	GlobalSection(ProjectConfigurationPlatforms) = postSolution
		{A8A27274-3E41-4034-A3B9-D919180367BE}.Debug|Any CPU.ActiveCfg = Debug|Any CPU
		{A8A27274-3E41-4034-A3B9-D919180367BE}.Debug|Any CPU.Build.0 = Debug|Any CPU
		{A8A27274-3E41-4034-A3B9-D919180367BE}.Release|Any CPU.ActiveCfg = Release|Any CPU
		{A8A27274-3E41-4034-A3B9-D919180367BE}.Release|Any CPU.Build.0 = Release|Any CPU
	EndGlobalSection
	GlobalSection(SolutionProperties) = preSolution
		HideSolutionNode = FALSE
	EndGlobalSection
	GlobalSection(ExtensibilityGlobals) = postSolution
		SolutionGuid = {A5664A4A-67E7-4967-824E-44A0DE5BF9E1}
	EndGlobalSection
EndGlobal
